
Microsoft Visual Studio Solution File, Format Version 12.00
# Visual Studio 15
VisualStudioVersion = 15.0.27703.2026
MinimumVisualStudioVersion = 10.0.40219.1
Project("{9A19103F-16F7-4668-BE54-9A1E7A4F7556}") = "PostService", "PostService\PostService.csproj", "{720E38E0-A1BF-4D5F-8515-E7C7D781B7D7}"
EndProject
Project("{9A19103F-16F7-4668-BE54-9A1E7A4F7556}") = "Common", "Common\Common.csproj", "{2A5655DE-69C9-4258-A866-FBEA9042442D}"
EndProject
Project("{FAE04EC0-301F-11D3-BF4B-00C04F79EFBC}") = "PostService.Tests", "PostService.Tests\PostService.Tests.csproj", "{9EB3B294-3591-4280-A275-40D6AD59267A}"
EndProject
Global
	GlobalSection(SolutionConfigurationPlatforms) = preSolution
		Debug|Any CPU = Debug|Any CPU
		Release|Any CPU = Release|Any CPU
	EndGlobalSection
	GlobalSection(ProjectConfigurationPlatforms) = postSolution
		{720E38E0-A1BF-4D5F-8515-E7C7D781B7D7}.Debug|Any CPU.ActiveCfg = Debug|Any CPU
		{720E38E0-A1BF-4D5F-8515-E7C7D781B7D7}.Debug|Any CPU.Build.0 = Debug|Any CPU
		{720E38E0-A1BF-4D5F-8515-E7C7D781B7D7}.Release|Any CPU.ActiveCfg = Release|Any CPU
		{720E38E0-A1BF-4D5F-8515-E7C7D781B7D7}.Release|Any CPU.Build.0 = Release|Any CPU
		{2A5655DE-69C9-4258-A866-FBEA9042442D}.Debug|Any CPU.ActiveCfg = Debug|Any CPU
		{2A5655DE-69C9-4258-A866-FBEA9042442D}.Debug|Any CPU.Build.0 = Debug|Any CPU
		{2A5655DE-69C9-4258-A866-FBEA9042442D}.Release|Any CPU.ActiveCfg = Release|Any CPU
		{2A5655DE-69C9-4258-A866-FBEA9042442D}.Release|Any CPU.Build.0 = Release|Any CPU
		{9EB3B294-3591-4280-A275-40D6AD59267A}.Debug|Any CPU.ActiveCfg = Debug|Any CPU
		{9EB3B294-3591-4280-A275-40D6AD59267A}.Debug|Any CPU.Build.0 = Debug|Any CPU
		{9EB3B294-3591-4280-A275-40D6AD59267A}.Release|Any CPU.ActiveCfg = Release|Any CPU
		{9EB3B294-3591-4280-A275-40D6AD59267A}.Release|Any CPU.Build.0 = Release|Any CPU
	EndGlobalSection
	GlobalSection(SolutionProperties) = preSolution
		HideSolutionNode = FALSE
	EndGlobalSection
	GlobalSection(ExtensibilityGlobals) = postSolution
		SolutionGuid = {85912967-D194-4548-AB16-6A4960E0DA46}
	EndGlobalSection
EndGlobal
